// !$*UTF8*$!
{
	archiveVersion = 1;
	classes = {
	};
	objectVersion = 46;
	objects = {

/* Begin PBXBuildFile section */
		0F3065342034FD37007C2970 /* AppDelegate.swift in Sources */ = {isa = PBXBuildFile; fileRef = 0F3065332034FD37007C2970 /* AppDelegate.swift */; };
		0F3065362034FD37007C2970 /* ViewController.swift in Sources */ = {isa = PBXBuildFile; fileRef = 0F3065352034FD37007C2970 /* ViewController.swift */; };
		0F3065392034FD37007C2970 /* Main.storyboard in Resources */ = {isa = PBXBuildFile; fileRef = 0F3065372034FD37007C2970 /* Main.storyboard */; };
		0F30653B2034FD37007C2970 /* Assets.xcassets in Resources */ = {isa = PBXBuildFile; fileRef = 0F30653A2034FD37007C2970 /* Assets.xcassets */; };
		0F30653E2034FD37007C2970 /* LaunchScreen.storyboard in Resources */ = {isa = PBXBuildFile; fileRef = 0F30653C2034FD37007C2970 /* LaunchScreen.storyboard */; };
		0F3065492034FD37007C2970 /* Mobile_Financial_AppTests.swift in Sources */ = {isa = PBXBuildFile; fileRef = 0F3065482034FD37007C2970 /* Mobile_Financial_AppTests.swift */; };
		0F3065542034FD37007C2970 /* Mobile_Financial_AppUITests.swift in Sources */ = {isa = PBXBuildFile; fileRef = 0F3065532034FD37007C2970 /* Mobile_Financial_AppUITests.swift */; };
		0F46AF102036B2C200844033 /* registration.storyboard in Resources */ = {isa = PBXBuildFile; fileRef = 0F46AF0F2036B2C200844033 /* registration.storyboard */; };
		0F46AF122036E02B00844033 /* passwordChange.storyboard in Resources */ = {isa = PBXBuildFile; fileRef = 0F46AF112036E02B00844033 /* passwordChange.storyboard */; };
		0F46AF142036E07100844033 /* eric.storyboard in Resources */ = {isa = PBXBuildFile; fileRef = 0F46AF132036E07100844033 /* eric.storyboard */; };
		0FBFE21520350DB900C26081 /* LoginTextField.swift in Sources */ = {isa = PBXBuildFile; fileRef = 0FBFE21420350DB900C26081 /* LoginTextField.swift */; };
		4C068A07203BB87600A2E688 /* (null) in Sources */ = {isa = PBXBuildFile; };
		4C16F9C2203D140B00A2B4C0 /* (null) in Sources */ = {isa = PBXBuildFile; };
		BBB26C2C204E135900D05A30 /* Menu.storyboard in Resources */ = {isa = PBXBuildFile; fileRef = BBB26C2B204E135900D05A30 /* Menu.storyboard */; };
		BBB26C2E204E170200D05A30 /* MenuViewController.swift in Sources */ = {isa = PBXBuildFile; fileRef = BBB26C2D204E170200D05A30 /* MenuViewController.swift */; };
		CBC54CE62036FC6E00C00CE0 /* ExpenseRecordViewController.swift in Sources */ = {isa = PBXBuildFile; fileRef = CBC54CE52036FC6E00C00CE0 /* ExpenseRecordViewController.swift */; };
		CBC54CE82037018B00C00CE0 /* ExpenseReportStoryBoard.storyboard in Resources */ = {isa = PBXBuildFile; fileRef = CBC54CE72037018B00C00CE0 /* ExpenseReportStoryBoard.storyboard */; };
		CBC54CEA20370BEE00C00CE0 /* RegistrationViewController.swift in Sources */ = {isa = PBXBuildFile; fileRef = CBC54CE920370BEE00C00CE0 /* RegistrationViewController.swift */; };
		CBC54CEE20370E3E00C00CE0 /* GoogleService-Info.plist in Resources */ = {isa = PBXBuildFile; fileRef = CBC54CED20370E3E00C00CE0 /* GoogleService-Info.plist */; };
		CBC5F23D203D16B800A60E78 /* passwordChange.swift in Sources */ = {isa = PBXBuildFile; fileRef = CBC5F23B203D16B800A60E78 /* passwordChange.swift */; };
		CBC5F23E203D16B800A60E78 /* ShowBalance.swift in Sources */ = {isa = PBXBuildFile; fileRef = CBC5F23C203D16B800A60E78 /* ShowBalance.swift */; };
		DD65718FFDDADF69484EA713 /* Pods_Mobile_Financial_App.framework in Frameworks */ = {isa = PBXBuildFile; fileRef = 2B3843273F9500D55C79A07E /* Pods_Mobile_Financial_App.framework */; };
/* End PBXBuildFile section */

/* Begin PBXContainerItemProxy section */
		0F3065452034FD37007C2970 /* PBXContainerItemProxy */ = {
			isa = PBXContainerItemProxy;
			containerPortal = 0F3065282034FD37007C2970 /* Project object */;
			proxyType = 1;
			remoteGlobalIDString = 0F30652F2034FD37007C2970;
			remoteInfo = "Mobile-Financial-App";
		};
		0F3065502034FD37007C2970 /* PBXContainerItemProxy */ = {
			isa = PBXContainerItemProxy;
			containerPortal = 0F3065282034FD37007C2970 /* Project object */;
			proxyType = 1;
			remoteGlobalIDString = 0F30652F2034FD37007C2970;
			remoteInfo = "Mobile-Financial-App";
		};
/* End PBXContainerItemProxy section */

/* Begin PBXFileReference section */
		0F3065302034FD37007C2970 /* Mobile-Financial-App.app */ = {isa = PBXFileReference; explicitFileType = wrapper.application; includeInIndex = 0; path = "Mobile-Financial-App.app"; sourceTree = BUILT_PRODUCTS_DIR; };
		0F3065332034FD37007C2970 /* AppDelegate.swift */ = {isa = PBXFileReference; lastKnownFileType = sourcecode.swift; path = AppDelegate.swift; sourceTree = "<group>"; };
		0F3065352034FD37007C2970 /* ViewController.swift */ = {isa = PBXFileReference; lastKnownFileType = sourcecode.swift; path = ViewController.swift; sourceTree = "<group>"; };
		0F3065382034FD37007C2970 /* Base */ = {isa = PBXFileReference; lastKnownFileType = file.storyboard; name = Base; path = Base.lproj/Main.storyboard; sourceTree = "<group>"; };
		0F30653A2034FD37007C2970 /* Assets.xcassets */ = {isa = PBXFileReference; lastKnownFileType = folder.assetcatalog; path = Assets.xcassets; sourceTree = "<group>"; };
		0F30653D2034FD37007C2970 /* Base */ = {isa = PBXFileReference; lastKnownFileType = file.storyboard; name = Base; path = Base.lproj/LaunchScreen.storyboard; sourceTree = "<group>"; };
		0F30653F2034FD37007C2970 /* Info.plist */ = {isa = PBXFileReference; lastKnownFileType = text.plist.xml; path = Info.plist; sourceTree = "<group>"; };
		0F3065442034FD37007C2970 /* Mobile-Financial-AppTests.xctest */ = {isa = PBXFileReference; explicitFileType = wrapper.cfbundle; includeInIndex = 0; path = "Mobile-Financial-AppTests.xctest"; sourceTree = BUILT_PRODUCTS_DIR; };
		0F3065482034FD37007C2970 /* Mobile_Financial_AppTests.swift */ = {isa = PBXFileReference; lastKnownFileType = sourcecode.swift; path = Mobile_Financial_AppTests.swift; sourceTree = "<group>"; };
		0F30654A2034FD37007C2970 /* Info.plist */ = {isa = PBXFileReference; lastKnownFileType = text.plist.xml; path = Info.plist; sourceTree = "<group>"; };
		0F30654F2034FD37007C2970 /* Mobile-Financial-AppUITests.xctest */ = {isa = PBXFileReference; explicitFileType = wrapper.cfbundle; includeInIndex = 0; path = "Mobile-Financial-AppUITests.xctest"; sourceTree = BUILT_PRODUCTS_DIR; };
		0F3065532034FD37007C2970 /* Mobile_Financial_AppUITests.swift */ = {isa = PBXFileReference; lastKnownFileType = sourcecode.swift; path = Mobile_Financial_AppUITests.swift; sourceTree = "<group>"; };
		0F3065552034FD37007C2970 /* Info.plist */ = {isa = PBXFileReference; lastKnownFileType = text.plist.xml; path = Info.plist; sourceTree = "<group>"; };
		0F46AF0F2036B2C200844033 /* registration.storyboard */ = {isa = PBXFileReference; fileEncoding = 4; lastKnownFileType = file.storyboard; path = registration.storyboard; sourceTree = "<group>"; };
		0F46AF112036E02B00844033 /* passwordChange.storyboard */ = {isa = PBXFileReference; fileEncoding = 4; lastKnownFileType = file.storyboard; path = passwordChange.storyboard; sourceTree = "<group>"; };
		0F46AF132036E07100844033 /* eric.storyboard */ = {isa = PBXFileReference; fileEncoding = 4; lastKnownFileType = file.storyboard; path = eric.storyboard; sourceTree = "<group>"; };
		0FBFE21420350DB900C26081 /* LoginTextField.swift */ = {isa = PBXFileReference; fileEncoding = 4; lastKnownFileType = sourcecode.swift; path = LoginTextField.swift; sourceTree = "<group>"; };
		2B3843273F9500D55C79A07E /* Pods_Mobile_Financial_App.framework */ = {isa = PBXFileReference; explicitFileType = wrapper.framework; includeInIndex = 0; path = Pods_Mobile_Financial_App.framework; sourceTree = BUILT_PRODUCTS_DIR; };
		5BC5768264E9DDDE640B96F5 /* Pods-Mobile-Financial-App.release.xcconfig */ = {isa = PBXFileReference; includeInIndex = 1; lastKnownFileType = text.xcconfig; name = "Pods-Mobile-Financial-App.release.xcconfig"; path = "Pods/Target Support Files/Pods-Mobile-Financial-App/Pods-Mobile-Financial-App.release.xcconfig"; sourceTree = "<group>"; };
		8BB5B68F92D4D4A9256F0952 /* Pods-Mobile-Financial-App.debug.xcconfig */ = {isa = PBXFileReference; includeInIndex = 1; lastKnownFileType = text.xcconfig; name = "Pods-Mobile-Financial-App.debug.xcconfig"; path = "Pods/Target Support Files/Pods-Mobile-Financial-App/Pods-Mobile-Financial-App.debug.xcconfig"; sourceTree = "<group>"; };
		BBB26C2B204E135900D05A30 /* Menu.storyboard */ = {isa = PBXFileReference; fileEncoding = 4; lastKnownFileType = file.storyboard; path = Menu.storyboard; sourceTree = "<group>"; };
		BBB26C2D204E170200D05A30 /* MenuViewController.swift */ = {isa = PBXFileReference; fileEncoding = 4; lastKnownFileType = sourcecode.swift; path = MenuViewController.swift; sourceTree = "<group>"; };
		CBC54CE52036FC6E00C00CE0 /* ExpenseRecordViewController.swift */ = {isa = PBXFileReference; fileEncoding = 4; lastKnownFileType = sourcecode.swift; path = ExpenseRecordViewController.swift; sourceTree = "<group>"; };
		CBC54CE72037018B00C00CE0 /* ExpenseReportStoryBoard.storyboard */ = {isa = PBXFileReference; fileEncoding = 4; lastKnownFileType = file.storyboard; path = ExpenseReportStoryBoard.storyboard; sourceTree = "<group>"; };
		CBC54CE920370BEE00C00CE0 /* RegistrationViewController.swift */ = {isa = PBXFileReference; fileEncoding = 4; lastKnownFileType = sourcecode.swift; path = RegistrationViewController.swift; sourceTree = "<group>"; };
		CBC54CED20370E3E00C00CE0 /* GoogleService-Info.plist */ = {isa = PBXFileReference; fileEncoding = 4; lastKnownFileType = text.plist.xml; path = "GoogleService-Info.plist"; sourceTree = "<group>"; };
		CBC5F23B203D16B800A60E78 /* passwordChange.swift */ = {isa = PBXFileReference; fileEncoding = 4; lastKnownFileType = sourcecode.swift; path = passwordChange.swift; sourceTree = "<group>"; };
		CBC5F23C203D16B800A60E78 /* ShowBalance.swift */ = {isa = PBXFileReference; fileEncoding = 4; lastKnownFileType = sourcecode.swift; path = ShowBalance.swift; sourceTree = "<group>"; };
/* End PBXFileReference section */

/* Begin PBXFrameworksBuildPhase section */
		0F30652D2034FD37007C2970 /* Frameworks */ = {
			isa = PBXFrameworksBuildPhase;
			buildActionMask = 2147483647;
			files = (
				DD65718FFDDADF69484EA713 /* Pods_Mobile_Financial_App.framework in Frameworks */,
			);
			runOnlyForDeploymentPostprocessing = 0;
		};
		0F3065412034FD37007C2970 /* Frameworks */ = {
			isa = PBXFrameworksBuildPhase;
			buildActionMask = 2147483647;
			files = (
			);
			runOnlyForDeploymentPostprocessing = 0;
		};
		0F30654C2034FD37007C2970 /* Frameworks */ = {
			isa = PBXFrameworksBuildPhase;
			buildActionMask = 2147483647;
			files = (
			);
			runOnlyForDeploymentPostprocessing = 0;
		};
/* End PBXFrameworksBuildPhase section */

/* Begin PBXGroup section */
		0F3065272034FD37007C2970 = {
			isa = PBXGroup;
			children = (
				0F3065322034FD37007C2970 /* Mobile-Financial-App */,
				0F3065472034FD37007C2970 /* Mobile-Financial-AppTests */,
				0F3065522034FD37007C2970 /* Mobile-Financial-AppUITests */,
				0F3065312034FD37007C2970 /* Products */,
				42DBC12EB609EBB3B2B0DDCA /* Pods */,
				858289BC4612F9A5B72A1627 /* Frameworks */,
			);
			sourceTree = "<group>";
		};
		0F3065312034FD37007C2970 /* Products */ = {
			isa = PBXGroup;
			children = (
				0F3065302034FD37007C2970 /* Mobile-Financial-App.app */,
				0F3065442034FD37007C2970 /* Mobile-Financial-AppTests.xctest */,
				0F30654F2034FD37007C2970 /* Mobile-Financial-AppUITests.xctest */,
			);
			name = Products;
			sourceTree = "<group>";
		};
		0F3065322034FD37007C2970 /* Mobile-Financial-App */ = {
			isa = PBXGroup;
			children = (
				CBC54CED20370E3E00C00CE0 /* GoogleService-Info.plist */,
				0F3065332034FD37007C2970 /* AppDelegate.swift */,
				0FBFE21420350DB900C26081 /* LoginTextField.swift */,
				0F3065352034FD37007C2970 /* ViewController.swift */,
				0F3065372034FD37007C2970 /* Main.storyboard */,
				0F30653A2034FD37007C2970 /* Assets.xcassets */,
				0F30653C2034FD37007C2970 /* LaunchScreen.storyboard */,
				0F30653F2034FD37007C2970 /* Info.plist */,
				0F46AF0F2036B2C200844033 /* registration.storyboard */,
				CBC54CE920370BEE00C00CE0 /* RegistrationViewController.swift */,
				CBC5F23B203D16B800A60E78 /* passwordChange.swift */,
				CBC5F23C203D16B800A60E78 /* ShowBalance.swift */,
				0F46AF112036E02B00844033 /* passwordChange.storyboard */,
				0F46AF132036E07100844033 /* eric.storyboard */,
				CBC54CE52036FC6E00C00CE0 /* ExpenseRecordViewController.swift */,
				CBC54CE72037018B00C00CE0 /* ExpenseReportStoryBoard.storyboard */,
				BBB26C2D204E170200D05A30 /* MenuViewController.swift */,
				BBB26C2B204E135900D05A30 /* Menu.storyboard */,
			);
			path = "Mobile-Financial-App";
			sourceTree = "<group>";
		};
		0F3065472034FD37007C2970 /* Mobile-Financial-AppTests */ = {
			isa = PBXGroup;
			children = (
				0F3065482034FD37007C2970 /* Mobile_Financial_AppTests.swift */,
				0F30654A2034FD37007C2970 /* Info.plist */,
			);
			path = "Mobile-Financial-AppTests";
			sourceTree = "<group>";
		};
		0F3065522034FD37007C2970 /* Mobile-Financial-AppUITests */ = {
			isa = PBXGroup;
			children = (
				0F3065532034FD37007C2970 /* Mobile_Financial_AppUITests.swift */,
				0F3065552034FD37007C2970 /* Info.plist */,
			);
			path = "Mobile-Financial-AppUITests";
			sourceTree = "<group>";
		};
		42DBC12EB609EBB3B2B0DDCA /* Pods */ = {
			isa = PBXGroup;
			children = (
				8BB5B68F92D4D4A9256F0952 /* Pods-Mobile-Financial-App.debug.xcconfig */,
				5BC5768264E9DDDE640B96F5 /* Pods-Mobile-Financial-App.release.xcconfig */,
			);
			name = Pods;
			sourceTree = "<group>";
		};
		858289BC4612F9A5B72A1627 /* Frameworks */ = {
			isa = PBXGroup;
			children = (
				2B3843273F9500D55C79A07E /* Pods_Mobile_Financial_App.framework */,
			);
			name = Frameworks;
			sourceTree = "<group>";
		};
/* End PBXGroup section */

/* Begin PBXNativeTarget section */
		0F30652F2034FD37007C2970 /* Mobile-Financial-App */ = {
			isa = PBXNativeTarget;
			buildConfigurationList = 0F3065582034FD37007C2970 /* Build configuration list for PBXNativeTarget "Mobile-Financial-App" */;
			buildPhases = (
				2BF9B00A504B9E13BB6E41B7 /* [CP] Check Pods Manifest.lock */,
				0F30652C2034FD37007C2970 /* Sources */,
				0F30652D2034FD37007C2970 /* Frameworks */,
				0F30652E2034FD37007C2970 /* Resources */,
				116217788A17CDC50298F328 /* [CP] Embed Pods Frameworks */,
				1B68307A99C2D6E1D8B1CBCE /* [CP] Copy Pods Resources */,
			);
			buildRules = (
			);
			dependencies = (
			);
			name = "Mobile-Financial-App";
			productName = "Mobile-Financial-App";
			productReference = 0F3065302034FD37007C2970 /* Mobile-Financial-App.app */;
			productType = "com.apple.product-type.application";
		};
		0F3065432034FD37007C2970 /* Mobile-Financial-AppTests */ = {
			isa = PBXNativeTarget;
			buildConfigurationList = 0F30655B2034FD37007C2970 /* Build configuration list for PBXNativeTarget "Mobile-Financial-AppTests" */;
			buildPhases = (
				0F3065402034FD37007C2970 /* Sources */,
				0F3065412034FD37007C2970 /* Frameworks */,
				0F3065422034FD37007C2970 /* Resources */,
			);
			buildRules = (
			);
			dependencies = (
				0F3065462034FD37007C2970 /* PBXTargetDependency */,
			);
			name = "Mobile-Financial-AppTests";
			productName = "Mobile-Financial-AppTests";
			productReference = 0F3065442034FD37007C2970 /* Mobile-Financial-AppTests.xctest */;
			productType = "com.apple.product-type.bundle.unit-test";
		};
		0F30654E2034FD37007C2970 /* Mobile-Financial-AppUITests */ = {
			isa = PBXNativeTarget;
			buildConfigurationList = 0F30655E2034FD37007C2970 /* Build configuration list for PBXNativeTarget "Mobile-Financial-AppUITests" */;
			buildPhases = (
				0F30654B2034FD37007C2970 /* Sources */,
				0F30654C2034FD37007C2970 /* Frameworks */,
				0F30654D2034FD37007C2970 /* Resources */,
			);
			buildRules = (
			);
			dependencies = (
				0F3065512034FD37007C2970 /* PBXTargetDependency */,
			);
			name = "Mobile-Financial-AppUITests";
			productName = "Mobile-Financial-AppUITests";
			productReference = 0F30654F2034FD37007C2970 /* Mobile-Financial-AppUITests.xctest */;
			productType = "com.apple.product-type.bundle.ui-testing";
		};
/* End PBXNativeTarget section */

/* Begin PBXProject section */
		0F3065282034FD37007C2970 /* Project object */ = {
			isa = PBXProject;
			attributes = {
				LastSwiftUpdateCheck = 0830;
				LastUpgradeCheck = 0830;
				ORGANIZATIONNAME = 55487145;
				TargetAttributes = {
					0F30652F2034FD37007C2970 = {
						CreatedOnToolsVersion = 8.3.3;
						ProvisioningStyle = Automatic;
					};
					0F3065432034FD37007C2970 = {
						CreatedOnToolsVersion = 8.3.3;
						ProvisioningStyle = Automatic;
						TestTargetID = 0F30652F2034FD37007C2970;
					};
					0F30654E2034FD37007C2970 = {
						CreatedOnToolsVersion = 8.3.3;
						ProvisioningStyle = Automatic;
						TestTargetID = 0F30652F2034FD37007C2970;
					};
				};
			};
			buildConfigurationList = 0F30652B2034FD37007C2970 /* Build configuration list for PBXProject "Mobile-Financial-App" */;
			compatibilityVersion = "Xcode 3.2";
			developmentRegion = English;
			hasScannedForEncodings = 0;
			knownRegions = (
				en,
				Base,
			);
			mainGroup = 0F3065272034FD37007C2970;
			productRefGroup = 0F3065312034FD37007C2970 /* Products */;
			projectDirPath = "";
			projectRoot = "";
			targets = (
				0F30652F2034FD37007C2970 /* Mobile-Financial-App */,
				0F3065432034FD37007C2970 /* Mobile-Financial-AppTests */,
				0F30654E2034FD37007C2970 /* Mobile-Financial-AppUITests */,
			);
		};
/* End PBXProject section */

/* Begin PBXResourcesBuildPhase section */
		0F30652E2034FD37007C2970 /* Resources */ = {
			isa = PBXResourcesBuildPhase;
			buildActionMask = 2147483647;
			files = (
				0F46AF122036E02B00844033 /* passwordChange.storyboard in Resources */,
				CBC54CEE20370E3E00C00CE0 /* GoogleService-Info.plist in Resources */,
				0F46AF102036B2C200844033 /* registration.storyboard in Resources */,
				BBB26C2C204E135900D05A30 /* Menu.storyboard in Resources */,
				0F46AF142036E07100844033 /* eric.storyboard in Resources */,
				0F30653E2034FD37007C2970 /* LaunchScreen.storyboard in Resources */,
				0F30653B2034FD37007C2970 /* Assets.xcassets in Resources */,
				CBC54CE82037018B00C00CE0 /* ExpenseReportStoryBoard.storyboard in Resources */,
				0F3065392034FD37007C2970 /* Main.storyboard in Resources */,
			);
			runOnlyForDeploymentPostprocessing = 0;
		};
		0F3065422034FD37007C2970 /* Resources */ = {
			isa = PBXResourcesBuildPhase;
			buildActionMask = 2147483647;
			files = (
			);
			runOnlyForDeploymentPostprocessing = 0;
		};
		0F30654D2034FD37007C2970 /* Resources */ = {
			isa = PBXResourcesBuildPhase;
			buildActionMask = 2147483647;
			files = (
			);
			runOnlyForDeploymentPostprocessing = 0;
		};
/* End PBXResourcesBuildPhase section */

/* Begin PBXShellScriptBuildPhase section */
		116217788A17CDC50298F328 /* [CP] Embed Pods Frameworks */ = {
			isa = PBXShellScriptBuildPhase;
			buildActionMask = 2147483647;
			files = (
			);
			inputPaths = (
				"${SRCROOT}/Pods/Target Support Files/Pods-Mobile-Financial-App/Pods-Mobile-Financial-App-frameworks.sh",
				"${BUILT_PRODUCTS_DIR}/GTMSessionFetcher/GTMSessionFetcher.framework",
				"${BUILT_PRODUCTS_DIR}/GoogleToolboxForMac/GoogleToolboxForMac.framework",
				"${BUILT_PRODUCTS_DIR}/nanopb/nanopb.framework",
			);
			name = "[CP] Embed Pods Frameworks";
			outputPaths = (
				"${TARGET_BUILD_DIR}/${FRAMEWORKS_FOLDER_PATH}/GTMSessionFetcher.framework",
				"${TARGET_BUILD_DIR}/${FRAMEWORKS_FOLDER_PATH}/GoogleToolboxForMac.framework",
				"${TARGET_BUILD_DIR}/${FRAMEWORKS_FOLDER_PATH}/nanopb.framework",
			);
			runOnlyForDeploymentPostprocessing = 0;
			shellPath = /bin/sh;
			shellScript = "\"${SRCROOT}/Pods/Target Support Files/Pods-Mobile-Financial-App/Pods-Mobile-Financial-App-frameworks.sh\"\n";
			showEnvVarsInLog = 0;
		};
		1B68307A99C2D6E1D8B1CBCE /* [CP] Copy Pods Resources */ = {
			isa = PBXShellScriptBuildPhase;
			buildActionMask = 2147483647;
			files = (
			);
			inputPaths = (
			);
			name = "[CP] Copy Pods Resources";
			outputPaths = (
			);
			runOnlyForDeploymentPostprocessing = 0;
			shellPath = /bin/sh;
			shellScript = "\"${SRCROOT}/Pods/Target Support Files/Pods-Mobile-Financial-App/Pods-Mobile-Financial-App-resources.sh\"\n";
			showEnvVarsInLog = 0;
		};
		2BF9B00A504B9E13BB6E41B7 /* [CP] Check Pods Manifest.lock */ = {
			isa = PBXShellScriptBuildPhase;
			buildActionMask = 2147483647;
			files = (
			);
			inputPaths = (
				"${PODS_PODFILE_DIR_PATH}/Podfile.lock",
				"${PODS_ROOT}/Manifest.lock",
			);
			name = "[CP] Check Pods Manifest.lock";
			outputPaths = (
				"$(DERIVED_FILE_DIR)/Pods-Mobile-Financial-App-checkManifestLockResult.txt",
			);
			runOnlyForDeploymentPostprocessing = 0;
			shellPath = /bin/sh;
			shellScript = "diff \"${PODS_PODFILE_DIR_PATH}/Podfile.lock\" \"${PODS_ROOT}/Manifest.lock\" > /dev/null\nif [ $? != 0 ] ; then\n    # print error to STDERR\n    echo \"error: The sandbox is not in sync with the Podfile.lock. Run 'pod install' or update your CocoaPods installation.\" >&2\n    exit 1\nfi\n# This output is used by Xcode 'outputs' to avoid re-running this script phase.\necho \"SUCCESS\" > \"${SCRIPT_OUTPUT_FILE_0}\"\n";
			showEnvVarsInLog = 0;
		};
/* End PBXShellScriptBuildPhase section */

/* Begin PBXSourcesBuildPhase section */
		0F30652C2034FD37007C2970 /* Sources */ = {
			isa = PBXSourcesBuildPhase;
			buildActionMask = 2147483647;
			files = (
				CBC5F23D203D16B800A60E78 /* passwordChange.swift in Sources */,
				BBB26C2E204E170200D05A30 /* MenuViewController.swift in Sources */,
				0FBFE21520350DB900C26081 /* LoginTextField.swift in Sources */,
				CBC54CE62036FC6E00C00CE0 /* ExpenseRecordViewController.swift in Sources */,
				4C068A07203BB87600A2E688 /* (null) in Sources */,
				4C16F9C2203D140B00A2B4C0 /* (null) in Sources */,
				0F3065362034FD37007C2970 /* ViewController.swift in Sources */,
				CBC5F23E203D16B800A60E78 /* ShowBalance.swift in Sources */,
				0F3065342034FD37007C2970 /* AppDelegate.swift in Sources */,
				CBC54CEA20370BEE00C00CE0 /* RegistrationViewController.swift in Sources */,
			);
			runOnlyForDeploymentPostprocessing = 0;
		};
		0F3065402034FD37007C2970 /* Sources */ = {
			isa = PBXSourcesBuildPhase;
			buildActionMask = 2147483647;
			files = (
				0F3065492034FD37007C2970 /* Mobile_Financial_AppTests.swift in Sources */,
			);
			runOnlyForDeploymentPostprocessing = 0;
		};
		0F30654B2034FD37007C2970 /* Sources */ = {
			isa = PBXSourcesBuildPhase;
			buildActionMask = 2147483647;
			files = (
				0F3065542034FD37007C2970 /* Mobile_Financial_AppUITests.swift in Sources */,
			);
			runOnlyForDeploymentPostprocessing = 0;
		};
/* End PBXSourcesBuildPhase section */

/* Begin PBXTargetDependency section */
		0F3065462034FD37007C2970 /* PBXTargetDependency */ = {
			isa = PBXTargetDependency;
			target = 0F30652F2034FD37007C2970 /* Mobile-Financial-App */;
			targetProxy = 0F3065452034FD37007C2970 /* PBXContainerItemProxy */;
		};
		0F3065512034FD37007C2970 /* PBXTargetDependency */ = {
			isa = PBXTargetDependency;
			target = 0F30652F2034FD37007C2970 /* Mobile-Financial-App */;
			targetProxy = 0F3065502034FD37007C2970 /* PBXContainerItemProxy */;
		};
/* End PBXTargetDependency section */

/* Begin PBXVariantGroup section */
		0F3065372034FD37007C2970 /* Main.storyboard */ = {
			isa = PBXVariantGroup;
			children = (
				0F3065382034FD37007C2970 /* Base */,
			);
			name = Main.storyboard;
			sourceTree = "<group>";
		};
		0F30653C2034FD37007C2970 /* LaunchScreen.storyboard */ = {
			isa = PBXVariantGroup;
			children = (
				0F30653D2034FD37007C2970 /* Base */,
			);
			name = LaunchScreen.storyboard;
			sourceTree = "<group>";
		};
/* End PBXVariantGroup section */

/* Begin XCBuildConfiguration section */
		0F3065562034FD37007C2970 /* Debug */ = {
			isa = XCBuildConfiguration;
			buildSettings = {
				ALWAYS_SEARCH_USER_PATHS = NO;
				CLANG_ANALYZER_NONNULL = YES;
				CLANG_ANALYZER_NUMBER_OBJECT_CONVERSION = YES_AGGRESSIVE;
				CLANG_CXX_LANGUAGE_STANDARD = "gnu++0x";
				CLANG_CXX_LIBRARY = "libc++";
				CLANG_ENABLE_MODULES = YES;
				CLANG_ENABLE_OBJC_ARC = YES;
				CLANG_WARN_BOOL_CONVERSION = YES;
				CLANG_WARN_CONSTANT_CONVERSION = YES;
				CLANG_WARN_DIRECT_OBJC_ISA_USAGE = YES_ERROR;
				CLANG_WARN_DOCUMENTATION_COMMENTS = YES;
				CLANG_WARN_EMPTY_BODY = YES;
				CLANG_WARN_ENUM_CONVERSION = YES;
				CLANG_WARN_INFINITE_RECURSION = YES;
				CLANG_WARN_INT_CONVERSION = YES;
				CLANG_WARN_OBJC_ROOT_CLASS = YES_ERROR;
				CLANG_WARN_SUSPICIOUS_MOVE = YES;
				CLANG_WARN_UNREACHABLE_CODE = YES;
				CLANG_WARN__DUPLICATE_METHOD_MATCH = YES;
				"CODE_SIGN_IDENTITY[sdk=iphoneos*]" = "iPhone Developer";
				COPY_PHASE_STRIP = NO;
				DEBUG_INFORMATION_FORMAT = dwarf;
				ENABLE_STRICT_OBJC_MSGSEND = YES;
				ENABLE_TESTABILITY = YES;
				GCC_C_LANGUAGE_STANDARD = gnu99;
				GCC_DYNAMIC_NO_PIC = NO;
				GCC_NO_COMMON_BLOCKS = YES;
				GCC_OPTIMIZATION_LEVEL = 0;
				GCC_PREPROCESSOR_DEFINITIONS = (
					"DEBUG=1",
					"$(inherited)",
				);
				GCC_WARN_64_TO_32_BIT_CONVERSION = YES;
				GCC_WARN_ABOUT_RETURN_TYPE = YES_ERROR;
				GCC_WARN_UNDECLARED_SELECTOR = YES;
				GCC_WARN_UNINITIALIZED_AUTOS = YES_AGGRESSIVE;
				GCC_WARN_UNUSED_FUNCTION = YES;
				GCC_WARN_UNUSED_VARIABLE = YES;
				IPHONEOS_DEPLOYMENT_TARGET = 10.3;
				MTL_ENABLE_DEBUG_INFO = YES;
				ONLY_ACTIVE_ARCH = YES;
				SDKROOT = iphoneos;
				SWIFT_ACTIVE_COMPILATION_CONDITIONS = DEBUG;
				SWIFT_OPTIMIZATION_LEVEL = "-Onone";
				SWIFT_VERSION = 3.0;
				TARGETED_DEVICE_FAMILY = "1,2";
			};
			name = Debug;
		};
		0F3065572034FD37007C2970 /* Release */ = {
			isa = XCBuildConfiguration;
			buildSettings = {
				ALWAYS_SEARCH_USER_PATHS = NO;
				CLANG_ANALYZER_NONNULL = YES;
				CLANG_ANALYZER_NUMBER_OBJECT_CONVERSION = YES_AGGRESSIVE;
				CLANG_CXX_LANGUAGE_STANDARD = "gnu++0x";
				CLANG_CXX_LIBRARY = "libc++";
				CLANG_ENABLE_MODULES = YES;
				CLANG_ENABLE_OBJC_ARC = YES;
				CLANG_WARN_BOOL_CONVERSION = YES;
				CLANG_WARN_CONSTANT_CONVERSION = YES;
				CLANG_WARN_DIRECT_OBJC_ISA_USAGE = YES_ERROR;
				CLANG_WARN_DOCUMENTATION_COMMENTS = YES;
				CLANG_WARN_EMPTY_BODY = YES;
				CLANG_WARN_ENUM_CONVERSION = YES;
				CLANG_WARN_INFINITE_RECURSION = YES;
				CLANG_WARN_INT_CONVERSION = YES;
				CLANG_WARN_OBJC_ROOT_CLASS = YES_ERROR;
				CLANG_WARN_SUSPICIOUS_MOVE = YES;
				CLANG_WARN_UNREACHABLE_CODE = YES;
				CLANG_WARN__DUPLICATE_METHOD_MATCH = YES;
				"CODE_SIGN_IDENTITY[sdk=iphoneos*]" = "iPhone Developer";
				COPY_PHASE_STRIP = NO;
				DEBUG_INFORMATION_FORMAT = "dwarf-with-dsym";
				ENABLE_NS_ASSERTIONS = NO;
				ENABLE_STRICT_OBJC_MSGSEND = YES;
				GCC_C_LANGUAGE_STANDARD = gnu99;
				GCC_NO_COMMON_BLOCKS = YES;
				GCC_WARN_64_TO_32_BIT_CONVERSION = YES;
				GCC_WARN_ABOUT_RETURN_TYPE = YES_ERROR;
				GCC_WARN_UNDECLARED_SELECTOR = YES;
				GCC_WARN_UNINITIALIZED_AUTOS = YES_AGGRESSIVE;
				GCC_WARN_UNUSED_FUNCTION = YES;
				GCC_WARN_UNUSED_VARIABLE = YES;
				IPHONEOS_DEPLOYMENT_TARGET = 10.3;
				MTL_ENABLE_DEBUG_INFO = NO;
				SDKROOT = iphoneos;
				SWIFT_OPTIMIZATION_LEVEL = "-Owholemodule";
				SWIFT_VERSION = 3.0;
				TARGETED_DEVICE_FAMILY = "1,2";
				VALIDATE_PRODUCT = YES;
			};
			name = Release;
		};
		0F3065592034FD37007C2970 /* Debug */ = {
			isa = XCBuildConfiguration;
			baseConfigurationReference = 8BB5B68F92D4D4A9256F0952 /* Pods-Mobile-Financial-App.debug.xcconfig */;
			buildSettings = {
				ASSETCATALOG_COMPILER_APPICON_NAME = AppIcon;
				INFOPLIST_FILE = "Mobile-Financial-App/Info.plist";
				LD_RUNPATH_SEARCH_PATHS = "$(inherited) @executable_path/Frameworks";
				PRODUCT_BUNDLE_IDENTIFIER = "COSC310.Mobile-Financial-App";
				PRODUCT_NAME = "$(TARGET_NAME)";
				SWIFT_VERSION = 3.0;
			};
			name = Debug;
		};
		0F30655A2034FD37007C2970 /* Release */ = {
			isa = XCBuildConfiguration;
			baseConfigurationReference = 5BC5768264E9DDDE640B96F5 /* Pods-Mobile-Financial-App.release.xcconfig */;
			buildSettings = {
				ASSETCATALOG_COMPILER_APPICON_NAME = AppIcon;
				INFOPLIST_FILE = "Mobile-Financial-App/Info.plist";
				LD_RUNPATH_SEARCH_PATHS = "$(inherited) @executable_path/Frameworks";
				PRODUCT_BUNDLE_IDENTIFIER = "COSC310.Mobile-Financial-App";
				PRODUCT_NAME = "$(TARGET_NAME)";
				SWIFT_VERSION = 3.0;
			};
			name = Release;
		};
		0F30655C2034FD37007C2970 /* Debug */ = {
			isa = XCBuildConfiguration;
			buildSettings = {
				ALWAYS_EMBED_SWIFT_STANDARD_LIBRARIES = YES;
				BUNDLE_LOADER = "$(TEST_HOST)";
				INFOPLIST_FILE = "Mobile-Financial-AppTests/Info.plist";
				LD_RUNPATH_SEARCH_PATHS = "$(inherited) @executable_path/Frameworks @loader_path/Frameworks";
				PRODUCT_BUNDLE_IDENTIFIER = "COSC310.Mobile-Financial-AppTests";
				PRODUCT_NAME = "$(TARGET_NAME)";
				SWIFT_VERSION = 3.0;
				TEST_HOST = "$(BUILT_PRODUCTS_DIR)/Mobile-Financial-App.app/Mobile-Financial-App";
			};
			name = Debug;
		};
		0F30655D2034FD37007C2970 /* Release */ = {
			isa = XCBuildConfiguration;
			buildSettings = {
				ALWAYS_EMBED_SWIFT_STANDARD_LIBRARIES = YES;
				BUNDLE_LOADER = "$(TEST_HOST)";
				INFOPLIST_FILE = "Mobile-Financial-AppTests/Info.plist";
				LD_RUNPATH_SEARCH_PATHS = "$(inherited) @executable_path/Frameworks @loader_path/Frameworks";
				PRODUCT_BUNDLE_IDENTIFIER = "COSC310.Mobile-Financial-AppTests";
				PRODUCT_NAME = "$(TARGET_NAME)";
				SWIFT_VERSION = 3.0;
				TEST_HOST = "$(BUILT_PRODUCTS_DIR)/Mobile-Financial-App.app/Mobile-Financial-App";
			};
			name = Release;
		};
		0F30655F2034FD37007C2970 /* Debug */ = {
			isa = XCBuildConfiguration;
			buildSettings = {
				ALWAYS_EMBED_SWIFT_STANDARD_LIBRARIES = YES;
				INFOPLIST_FILE = "Mobile-Financial-AppUITests/Info.plist";
				LD_RUNPATH_SEARCH_PATHS = "$(inherited) @executable_path/Frameworks @loader_path/Frameworks";
				PRODUCT_BUNDLE_IDENTIFIER = "COSC310.Mobile-Financial-AppUITests";
				PRODUCT_NAME = "$(TARGET_NAME)";
				SWIFT_VERSION = 3.0;
				TEST_TARGET_NAME = "Mobile-Financial-App";
			};
			name = Debug;
		};
		0F3065602034FD37007C2970 /* Release */ = {
			isa = XCBuildConfiguration;
			buildSettings = {
				ALWAYS_EMBED_SWIFT_STANDARD_LIBRARIES = YES;
				INFOPLIST_FILE = "Mobile-Financial-AppUITests/Info.plist";
				LD_RUNPATH_SEARCH_PATHS = "$(inherited) @executable_path/Frameworks @loader_path/Frameworks";
				PRODUCT_BUNDLE_IDENTIFIER = "COSC310.Mobile-Financial-AppUITests";
				PRODUCT_NAME = "$(TARGET_NAME)";
				SWIFT_VERSION = 3.0;
				TEST_TARGET_NAME = "Mobile-Financial-App";
			};
			name = Release;
		};
/* End XCBuildConfiguration section */

/* Begin XCConfigurationList section */
		0F30652B2034FD37007C2970 /* Build configuration list for PBXProject "Mobile-Financial-App" */ = {
			isa = XCConfigurationList;
			buildConfigurations = (
				0F3065562034FD37007C2970 /* Debug */,
				0F3065572034FD37007C2970 /* Release */,
			);
			defaultConfigurationIsVisible = 0;
			defaultConfigurationName = Release;
		};
		0F3065582034FD37007C2970 /* Build configuration list for PBXNativeTarget "Mobile-Financial-App" */ = {
			isa = XCConfigurationList;
			buildConfigurations = (
				0F3065592034FD37007C2970 /* Debug */,
				0F30655A2034FD37007C2970 /* Release */,
			);
			defaultConfigurationIsVisible = 0;
			defaultConfigurationName = Release;
		};
		0F30655B2034FD37007C2970 /* Build configuration list for PBXNativeTarget "Mobile-Financial-AppTests" */ = {
			isa = XCConfigurationList;
			buildConfigurations = (
				0F30655C2034FD37007C2970 /* Debug */,
				0F30655D2034FD37007C2970 /* Release */,
			);
			defaultConfigurationIsVisible = 0;
			defaultConfigurationName = Release;
		};
		0F30655E2034FD37007C2970 /* Build configuration list for PBXNativeTarget "Mobile-Financial-AppUITests" */ = {
			isa = XCConfigurationList;
			buildConfigurations = (
				0F30655F2034FD37007C2970 /* Debug */,
				0F3065602034FD37007C2970 /* Release */,
			);
			defaultConfigurationIsVisible = 0;
			defaultConfigurationName = Release;
		};
/* End XCConfigurationList section */
	};
	rootObject = 0F3065282034FD37007C2970 /* Project object */;
}
